
Microsoft Visual Studio Solution File, Format Version 12.00
# Visual Studio Version 16
VisualStudioVersion = 16.0.29209.62
MinimumVisualStudioVersion = 10.0.40219.1
Project("{FAE04EC0-301F-11D3-BF4B-00C04F79EFBC}") = "Converter", "Converter\Converter.csproj", "{697EDB9C-4315-4147-BCF8-A5D0E2626F9B}"
EndProject
Project("{FAE04EC0-301F-11D3-BF4B-00C04F79EFBC}") = "Test", "Test\Test.csproj", "{256E2FB4-E5C4-45F0-A4A1-044EBBE1BDDA}"
EndProject
Global
	GlobalSection(SolutionConfigurationPlatforms) = preSolution
		Debug|Any CPU = Debug|Any CPU
		Release|Any CPU = Release|Any CPU
	EndGlobalSection
	GlobalSection(ProjectConfigurationPlatforms) = postSolution
		{697EDB9C-4315-4147-BCF8-A5D0E2626F9B}.Debug|Any CPU.ActiveCfg = Debug|Any CPU
		{697EDB9C-4315-4147-BCF8-A5D0E2626F9B}.Debug|Any CPU.Build.0 = Debug|Any CPU
		{697EDB9C-4315-4147-BCF8-A5D0E2626F9B}.Release|Any CPU.ActiveCfg = Release|Any CPU
		{697EDB9C-4315-4147-BCF8-A5D0E2626F9B}.Release|Any CPU.Build.0 = Release|Any CPU
		{256E2FB4-E5C4-45F0-A4A1-044EBBE1BDDA}.Debug|Any CPU.ActiveCfg = Debug|Any CPU
		{256E2FB4-E5C4-45F0-A4A1-044EBBE1BDDA}.Debug|Any CPU.Build.0 = Debug|Any CPU
		{256E2FB4-E5C4-45F0-A4A1-044EBBE1BDDA}.Release|Any CPU.ActiveCfg = Release|Any CPU
		{256E2FB4-E5C4-45F0-A4A1-044EBBE1BDDA}.Release|Any CPU.Build.0 = Release|Any CPU
	EndGlobalSection
	GlobalSection(SolutionProperties) = preSolution
		HideSolutionNode = FALSE
	EndGlobalSection
	GlobalSection(ExtensibilityGlobals) = postSolution
		SolutionGuid = {32BFEA5D-769D-4607-A203-281FA2B22486}
	EndGlobalSection
EndGlobal
